
Microsoft Visual Studio Solution File, Format Version 12.00
# Visual Studio Version 17
VisualStudioVersion = 17.5.33516.290
MinimumVisualStudioVersion = 10.0.40219.1
Project("{9A19103F-16F7-4668-BE54-9A1E7A4F7556}") = "Entity", "Entity\Entity.csproj", "{66133844-97A1-4E49-95A4-246E2C1BBD12}"
EndProject
Project("{9A19103F-16F7-4668-BE54-9A1E7A4F7556}") = "Repository", "Repository\Repository.csproj", "{F002AEDA-E9A0-4B5F-83DF-8E922D129C21}"
EndProject
Project("{9A19103F-16F7-4668-BE54-9A1E7A4F7556}") = "WebAPI", "WebAPI\WebAPI.csproj", "{57E09509-AD8A-41A0-8682-D2D340E84151}"
EndProject
Project("{9A19103F-16F7-4668-BE54-9A1E7A4F7556}") = "WebApp", "WebApp\WebApp.csproj", "{141DBA36-B641-4382-BDB3-F4AEE7DBA637}"
EndProject
Global
	GlobalSection(SolutionConfigurationPlatforms) = preSolution
		Debug|Any CPU = Debug|Any CPU
		Release|Any CPU = Release|Any CPU
	EndGlobalSection
	GlobalSection(ProjectConfigurationPlatforms) = postSolution
		{66133844-97A1-4E49-95A4-246E2C1BBD12}.Debug|Any CPU.ActiveCfg = Debug|Any CPU
		{66133844-97A1-4E49-95A4-246E2C1BBD12}.Debug|Any CPU.Build.0 = Debug|Any CPU
		{66133844-97A1-4E49-95A4-246E2C1BBD12}.Release|Any CPU.ActiveCfg = Release|Any CPU
		{66133844-97A1-4E49-95A4-246E2C1BBD12}.Release|Any CPU.Build.0 = Release|Any CPU
		{F002AEDA-E9A0-4B5F-83DF-8E922D129C21}.Debug|Any CPU.ActiveCfg = Debug|Any CPU
		{F002AEDA-E9A0-4B5F-83DF-8E922D129C21}.Debug|Any CPU.Build.0 = Debug|Any CPU
		{F002AEDA-E9A0-4B5F-83DF-8E922D129C21}.Release|Any CPU.ActiveCfg = Release|Any CPU
		{F002AEDA-E9A0-4B5F-83DF-8E922D129C21}.Release|Any CPU.Build.0 = Release|Any CPU
		{57E09509-AD8A-41A0-8682-D2D340E84151}.Debug|Any CPU.ActiveCfg = Debug|Any CPU
		{57E09509-AD8A-41A0-8682-D2D340E84151}.Debug|Any CPU.Build.0 = Debug|Any CPU
		{57E09509-AD8A-41A0-8682-D2D340E84151}.Release|Any CPU.ActiveCfg = Release|Any CPU
		{57E09509-AD8A-41A0-8682-D2D340E84151}.Release|Any CPU.Build.0 = Release|Any CPU
		{141DBA36-B641-4382-BDB3-F4AEE7DBA637}.Debug|Any CPU.ActiveCfg = Debug|Any CPU
		{141DBA36-B641-4382-BDB3-F4AEE7DBA637}.Debug|Any CPU.Build.0 = Debug|Any CPU
		{141DBA36-B641-4382-BDB3-F4AEE7DBA637}.Release|Any CPU.ActiveCfg = Release|Any CPU
		{141DBA36-B641-4382-BDB3-F4AEE7DBA637}.Release|Any CPU.Build.0 = Release|Any CPU
	EndGlobalSection
	GlobalSection(SolutionProperties) = preSolution
		HideSolutionNode = FALSE
	EndGlobalSection
	GlobalSection(ExtensibilityGlobals) = postSolution
		SolutionGuid = {404A78F7-ABE3-4C38-9AAC-149A2380CF70}
	EndGlobalSection
EndGlobal
